
Microsoft Visual Studio Solution File, Format Version 12.00
# Visual Studio 15
Project("{FAE04EC0-301F-11D3-BF4B-00C04F79EFBC}") = "Intro", "Intro\Intro.csproj", "{667D1CFD-166B-4376-B241-73C960DC468E}"
EndProject
Global
	GlobalSection(SolutionConfigurationPlatforms) = preSolution
		Debug|Any CPU = Debug|Any CPU
		Release|Any CPU = Release|Any CPU
	EndGlobalSection
	GlobalSection(ProjectConfigurationPlatforms) = postSolution
		{667D1CFD-166B-4376-B241-73C960DC468E}.Debug|Any CPU.ActiveCfg = Debug|Any CPU
		{667D1CFD-166B-4376-B241-73C960DC468E}.Debug|Any CPU.Build.0 = Debug|Any CPU
		{667D1CFD-166B-4376-B241-73C960DC468E}.Release|Any CPU.ActiveCfg = Release|Any CPU
		{667D1CFD-166B-4376-B241-73C960DC468E}.Release|Any CPU.Build.0 = Release|Any CPU
	EndGlobalSection
EndGlobal
