
Microsoft Visual Studio Solution File, Format Version 12.00
Project("{FAE04EC0-301F-11D3-BF4B-00C04F79EFBC}") = "MyAppWeb", "MyAppWeb\MyAppWeb.csproj", "{0597A919-EAEE-4DDD-A339-E0CDAC0835CA}"
EndProject
Global
	GlobalSection(SolutionConfigurationPlatforms) = preSolution
		Debug|Any CPU = Debug|Any CPU
		Release|Any CPU = Release|Any CPU
	EndGlobalSection
	GlobalSection(ProjectConfigurationPlatforms) = postSolution
		{0597A919-EAEE-4DDD-A339-E0CDAC0835CA}.Debug|Any CPU.ActiveCfg = Debug|Any CPU
		{0597A919-EAEE-4DDD-A339-E0CDAC0835CA}.Debug|Any CPU.Build.0 = Debug|Any CPU
		{0597A919-EAEE-4DDD-A339-E0CDAC0835CA}.Release|Any CPU.ActiveCfg = Release|Any CPU
		{0597A919-EAEE-4DDD-A339-E0CDAC0835CA}.Release|Any CPU.Build.0 = Release|Any CPU
	EndGlobalSection
EndGlobal
